// !$*UTF8*$!
{
	archiveVersion = 1;
	classes = {
	};
	objectVersion = 50;
	objects = {

/* Begin PBXBuildFile section */
		1ADB198CE3A573B8A9114943 /* Pods_ImageUploadingUITests.framework in Frameworks */ = {isa = PBXBuildFile; fileRef = 747F55510EC5EA24BDD75E60 /* Pods_ImageUploadingUITests.framework */; };
		258E9A65BB4FBEFAD504D692 /* Pods_ImageUploadingTests.framework in Frameworks */ = {isa = PBXBuildFile; fileRef = F43A46F84AC1B1B245E3E5FB /* Pods_ImageUploadingTests.framework */; };
		D584E103A5BA2740B79F003B /* Pods_ImageUploading.framework in Frameworks */ = {isa = PBXBuildFile; fileRef = 75163E5903C90E0D27841D47 /* Pods_ImageUploading.framework */; };
		D6E967B021C7A62100793F8B /* AppDelegate.swift in Sources */ = {isa = PBXBuildFile; fileRef = D6E967AF21C7A62100793F8B /* AppDelegate.swift */; };
		D6E967B221C7A62100793F8B /* ViewController.swift in Sources */ = {isa = PBXBuildFile; fileRef = D6E967B121C7A62100793F8B /* ViewController.swift */; };
		D6E967B521C7A62100793F8B /* Main.storyboard in Resources */ = {isa = PBXBuildFile; fileRef = D6E967B321C7A62100793F8B /* Main.storyboard */; };
		D6E967B821C7A62100793F8B /* ImageUploading.xcdatamodeld in Sources */ = {isa = PBXBuildFile; fileRef = D6E967B621C7A62100793F8B /* ImageUploading.xcdatamodeld */; };
		D6E967BA21C7A62E00793F8B /* Assets.xcassets in Resources */ = {isa = PBXBuildFile; fileRef = D6E967B921C7A62E00793F8B /* Assets.xcassets */; };
		D6E967BD21C7A62E00793F8B /* LaunchScreen.storyboard in Resources */ = {isa = PBXBuildFile; fileRef = D6E967BB21C7A62E00793F8B /* LaunchScreen.storyboard */; };
		D6E967C821C7A62E00793F8B /* ImageUploadingTests.swift in Sources */ = {isa = PBXBuildFile; fileRef = D6E967C721C7A62E00793F8B /* ImageUploadingTests.swift */; };
		D6E967D321C7A62E00793F8B /* ImageUploadingUITests.swift in Sources */ = {isa = PBXBuildFile; fileRef = D6E967D221C7A62E00793F8B /* ImageUploadingUITests.swift */; };
		D6E967E121C7C27400793F8B /* Radha.jpg in Resources */ = {isa = PBXBuildFile; fileRef = D6E967E021C7C27400793F8B /* Radha.jpg */; };
/* End PBXBuildFile section */

/* Begin PBXContainerItemProxy section */
		D6E967C421C7A62E00793F8B /* PBXContainerItemProxy */ = {
			isa = PBXContainerItemProxy;
			containerPortal = D6E967A421C7A62100793F8B /* Project object */;
			proxyType = 1;
			remoteGlobalIDString = D6E967AB21C7A62100793F8B;
			remoteInfo = ImageUploading;
		};
		D6E967CF21C7A62E00793F8B /* PBXContainerItemProxy */ = {
			isa = PBXContainerItemProxy;
			containerPortal = D6E967A421C7A62100793F8B /* Project object */;
			proxyType = 1;
			remoteGlobalIDString = D6E967AB21C7A62100793F8B;
			remoteInfo = ImageUploading;
		};
/* End PBXContainerItemProxy section */

/* Begin PBXFileReference section */
		1470B010C209CDC66F235EB2 /* Pods-ImageUploading.release.xcconfig */ = {isa = PBXFileReference; includeInIndex = 1; lastKnownFileType = text.xcconfig; name = "Pods-ImageUploading.release.xcconfig"; path = "Pods/Target Support Files/Pods-ImageUploading/Pods-ImageUploading.release.xcconfig"; sourceTree = "<group>"; };
		403EEBF1B2ADC2737A82720B /* Pods-ImageUploadingTests.release.xcconfig */ = {isa = PBXFileReference; includeInIndex = 1; lastKnownFileType = text.xcconfig; name = "Pods-ImageUploadingTests.release.xcconfig"; path = "Pods/Target Support Files/Pods-ImageUploadingTests/Pods-ImageUploadingTests.release.xcconfig"; sourceTree = "<group>"; };
		4799A1278934461D18B5E15A /* Pods-ImageUploadingUITests.debug.xcconfig */ = {isa = PBXFileReference; includeInIndex = 1; lastKnownFileType = text.xcconfig; name = "Pods-ImageUploadingUITests.debug.xcconfig"; path = "Pods/Target Support Files/Pods-ImageUploadingUITests/Pods-ImageUploadingUITests.debug.xcconfig"; sourceTree = "<group>"; };
		747F55510EC5EA24BDD75E60 /* Pods_ImageUploadingUITests.framework */ = {isa = PBXFileReference; explicitFileType = wrapper.framework; includeInIndex = 0; path = Pods_ImageUploadingUITests.framework; sourceTree = BUILT_PRODUCTS_DIR; };
		75163E5903C90E0D27841D47 /* Pods_ImageUploading.framework */ = {isa = PBXFileReference; explicitFileType = wrapper.framework; includeInIndex = 0; path = Pods_ImageUploading.framework; sourceTree = BUILT_PRODUCTS_DIR; };
		AF0DE0A31F7C391B5D037EC2 /* Pods-ImageUploadingUITests.release.xcconfig */ = {isa = PBXFileReference; includeInIndex = 1; lastKnownFileType = text.xcconfig; name = "Pods-ImageUploadingUITests.release.xcconfig"; path = "Pods/Target Support Files/Pods-ImageUploadingUITests/Pods-ImageUploadingUITests.release.xcconfig"; sourceTree = "<group>"; };
		B355089508B50C5B88ED82C7 /* Pods-ImageUploadingTests.debug.xcconfig */ = {isa = PBXFileReference; includeInIndex = 1; lastKnownFileType = text.xcconfig; name = "Pods-ImageUploadingTests.debug.xcconfig"; path = "Pods/Target Support Files/Pods-ImageUploadingTests/Pods-ImageUploadingTests.debug.xcconfig"; sourceTree = "<group>"; };
		D6E967AC21C7A62100793F8B /* ImageUploading.app */ = {isa = PBXFileReference; explicitFileType = wrapper.application; includeInIndex = 0; path = ImageUploading.app; sourceTree = BUILT_PRODUCTS_DIR; };
		D6E967AF21C7A62100793F8B /* AppDelegate.swift */ = {isa = PBXFileReference; lastKnownFileType = sourcecode.swift; path = AppDelegate.swift; sourceTree = "<group>"; };
		D6E967B121C7A62100793F8B /* ViewController.swift */ = {isa = PBXFileReference; lastKnownFileType = sourcecode.swift; path = ViewController.swift; sourceTree = "<group>"; };
		D6E967B421C7A62100793F8B /* Base */ = {isa = PBXFileReference; lastKnownFileType = file.storyboard; name = Base; path = Base.lproj/Main.storyboard; sourceTree = "<group>"; };
		D6E967B721C7A62100793F8B /* ImageUploading.xcdatamodel */ = {isa = PBXFileReference; lastKnownFileType = wrapper.xcdatamodel; path = ImageUploading.xcdatamodel; sourceTree = "<group>"; };
		D6E967B921C7A62E00793F8B /* Assets.xcassets */ = {isa = PBXFileReference; lastKnownFileType = folder.assetcatalog; path = Assets.xcassets; sourceTree = "<group>"; };
		D6E967BC21C7A62E00793F8B /* Base */ = {isa = PBXFileReference; lastKnownFileType = file.storyboard; name = Base; path = Base.lproj/LaunchScreen.storyboard; sourceTree = "<group>"; };
		D6E967BE21C7A62E00793F8B /* Info.plist */ = {isa = PBXFileReference; lastKnownFileType = text.plist.xml; path = Info.plist; sourceTree = "<group>"; };
		D6E967C321C7A62E00793F8B /* ImageUploadingTests.xctest */ = {isa = PBXFileReference; explicitFileType = wrapper.cfbundle; includeInIndex = 0; path = ImageUploadingTests.xctest; sourceTree = BUILT_PRODUCTS_DIR; };
		D6E967C721C7A62E00793F8B /* ImageUploadingTests.swift */ = {isa = PBXFileReference; lastKnownFileType = sourcecode.swift; path = ImageUploadingTests.swift; sourceTree = "<group>"; };
		D6E967C921C7A62E00793F8B /* Info.plist */ = {isa = PBXFileReference; lastKnownFileType = text.plist.xml; path = Info.plist; sourceTree = "<group>"; };
		D6E967CE21C7A62E00793F8B /* ImageUploadingUITests.xctest */ = {isa = PBXFileReference; explicitFileType = wrapper.cfbundle; includeInIndex = 0; path = ImageUploadingUITests.xctest; sourceTree = BUILT_PRODUCTS_DIR; };
		D6E967D221C7A62E00793F8B /* ImageUploadingUITests.swift */ = {isa = PBXFileReference; lastKnownFileType = sourcecode.swift; path = ImageUploadingUITests.swift; sourceTree = "<group>"; };
		D6E967D421C7A62E00793F8B /* Info.plist */ = {isa = PBXFileReference; lastKnownFileType = text.plist.xml; path = Info.plist; sourceTree = "<group>"; };
		D6E967E021C7C27400793F8B /* Radha.jpg */ = {isa = PBXFileReference; lastKnownFileType = image.jpeg; path = Radha.jpg; sourceTree = "<group>"; };
		D96D0D329DB5B76F40C761E0 /* Pods-ImageUploading.debug.xcconfig */ = {isa = PBXFileReference; includeInIndex = 1; lastKnownFileType = text.xcconfig; name = "Pods-ImageUploading.debug.xcconfig"; path = "Pods/Target Support Files/Pods-ImageUploading/Pods-ImageUploading.debug.xcconfig"; sourceTree = "<group>"; };
		F43A46F84AC1B1B245E3E5FB /* Pods_ImageUploadingTests.framework */ = {isa = PBXFileReference; explicitFileType = wrapper.framework; includeInIndex = 0; path = Pods_ImageUploadingTests.framework; sourceTree = BUILT_PRODUCTS_DIR; };
/* End PBXFileReference section */

/* Begin PBXFrameworksBuildPhase section */
		D6E967A921C7A62100793F8B /* Frameworks */ = {
			isa = PBXFrameworksBuildPhase;
			buildActionMask = 2147483647;
			files = (
				D584E103A5BA2740B79F003B /* Pods_ImageUploading.framework in Frameworks */,
			);
			runOnlyForDeploymentPostprocessing = 0;
		};
		D6E967C021C7A62E00793F8B /* Frameworks */ = {
			isa = PBXFrameworksBuildPhase;
			buildActionMask = 2147483647;
			files = (
				258E9A65BB4FBEFAD504D692 /* Pods_ImageUploadingTests.framework in Frameworks */,
			);
			runOnlyForDeploymentPostprocessing = 0;
		};
		D6E967CB21C7A62E00793F8B /* Frameworks */ = {
			isa = PBXFrameworksBuildPhase;
			buildActionMask = 2147483647;
			files = (
				1ADB198CE3A573B8A9114943 /* Pods_ImageUploadingUITests.framework in Frameworks */,
			);
			runOnlyForDeploymentPostprocessing = 0;
		};
/* End PBXFrameworksBuildPhase section */

/* Begin PBXGroup section */
		82F86E2B651235049DDC64A9 /* Pods */ = {
			isa = PBXGroup;
			children = (
				D96D0D329DB5B76F40C761E0 /* Pods-ImageUploading.debug.xcconfig */,
				1470B010C209CDC66F235EB2 /* Pods-ImageUploading.release.xcconfig */,
				B355089508B50C5B88ED82C7 /* Pods-ImageUploadingTests.debug.xcconfig */,
				403EEBF1B2ADC2737A82720B /* Pods-ImageUploadingTests.release.xcconfig */,
				4799A1278934461D18B5E15A /* Pods-ImageUploadingUITests.debug.xcconfig */,
				AF0DE0A31F7C391B5D037EC2 /* Pods-ImageUploadingUITests.release.xcconfig */,
			);
			name = Pods;
			sourceTree = "<group>";
		};
		D6E967A321C7A62100793F8B = {
			isa = PBXGroup;
			children = (
				D6E967AE21C7A62100793F8B /* ImageUploading */,
				D6E967C621C7A62E00793F8B /* ImageUploadingTests */,
				D6E967D121C7A62E00793F8B /* ImageUploadingUITests */,
				D6E967AD21C7A62100793F8B /* Products */,
				82F86E2B651235049DDC64A9 /* Pods */,
				F8C3B916629C037C12D326F8 /* Frameworks */,
			);
			sourceTree = "<group>";
		};
		D6E967AD21C7A62100793F8B /* Products */ = {
			isa = PBXGroup;
			children = (
				D6E967AC21C7A62100793F8B /* ImageUploading.app */,
				D6E967C321C7A62E00793F8B /* ImageUploadingTests.xctest */,
				D6E967CE21C7A62E00793F8B /* ImageUploadingUITests.xctest */,
			);
			name = Products;
			sourceTree = "<group>";
		};
		D6E967AE21C7A62100793F8B /* ImageUploading */ = {
			isa = PBXGroup;
			children = (
				D6E967AF21C7A62100793F8B /* AppDelegate.swift */,
				D6E967B121C7A62100793F8B /* ViewController.swift */,
				D6E967B321C7A62100793F8B /* Main.storyboard */,
				D6E967B921C7A62E00793F8B /* Assets.xcassets */,
				D6E967BB21C7A62E00793F8B /* LaunchScreen.storyboard */,
				D6E967E021C7C27400793F8B /* Radha.jpg */,
				D6E967BE21C7A62E00793F8B /* Info.plist */,
				D6E967B621C7A62100793F8B /* ImageUploading.xcdatamodeld */,
			);
			path = ImageUploading;
			sourceTree = "<group>";
		};
		D6E967C621C7A62E00793F8B /* ImageUploadingTests */ = {
			isa = PBXGroup;
			children = (
				D6E967C721C7A62E00793F8B /* ImageUploadingTests.swift */,
				D6E967C921C7A62E00793F8B /* Info.plist */,
			);
			path = ImageUploadingTests;
			sourceTree = "<group>";
		};
		D6E967D121C7A62E00793F8B /* ImageUploadingUITests */ = {
			isa = PBXGroup;
			children = (
				D6E967D221C7A62E00793F8B /* ImageUploadingUITests.swift */,
				D6E967D421C7A62E00793F8B /* Info.plist */,
			);
			path = ImageUploadingUITests;
			sourceTree = "<group>";
		};
		F8C3B916629C037C12D326F8 /* Frameworks */ = {
			isa = PBXGroup;
			children = (
				75163E5903C90E0D27841D47 /* Pods_ImageUploading.framework */,
				F43A46F84AC1B1B245E3E5FB /* Pods_ImageUploadingTests.framework */,
				747F55510EC5EA24BDD75E60 /* Pods_ImageUploadingUITests.framework */,
			);
			name = Frameworks;
			sourceTree = "<group>";
		};
/* End PBXGroup section */

/* Begin PBXNativeTarget section */
		D6E967AB21C7A62100793F8B /* ImageUploading */ = {
			isa = PBXNativeTarget;
			buildConfigurationList = D6E967D721C7A62F00793F8B /* Build configuration list for PBXNativeTarget "ImageUploading" */;
			buildPhases = (
				1AF7F2DD72B873F5B9087325 /* [CP] Check Pods Manifest.lock */,
				D6E967A821C7A62100793F8B /* Sources */,
				D6E967A921C7A62100793F8B /* Frameworks */,
				D6E967AA21C7A62100793F8B /* Resources */,
				C082C74C823AFC217F5B8E0F /* [CP] Embed Pods Frameworks */,
			);
			buildRules = (
			);
			dependencies = (
			);
			name = ImageUploading;
			productName = ImageUploading;
			productReference = D6E967AC21C7A62100793F8B /* ImageUploading.app */;
			productType = "com.apple.product-type.application";
		};
		D6E967C221C7A62E00793F8B /* ImageUploadingTests */ = {
			isa = PBXNativeTarget;
			buildConfigurationList = D6E967DA21C7A62F00793F8B /* Build configuration list for PBXNativeTarget "ImageUploadingTests" */;
			buildPhases = (
				4B82D5BC72995657B5D6E332 /* [CP] Check Pods Manifest.lock */,
				D6E967BF21C7A62E00793F8B /* Sources */,
				D6E967C021C7A62E00793F8B /* Frameworks */,
				D6E967C121C7A62E00793F8B /* Resources */,
			);
			buildRules = (
			);
			dependencies = (
				D6E967C521C7A62E00793F8B /* PBXTargetDependency */,
			);
			name = ImageUploadingTests;
			productName = ImageUploadingTests;
			productReference = D6E967C321C7A62E00793F8B /* ImageUploadingTests.xctest */;
			productType = "com.apple.product-type.bundle.unit-test";
		};
		D6E967CD21C7A62E00793F8B /* ImageUploadingUITests */ = {
			isa = PBXNativeTarget;
			buildConfigurationList = D6E967DD21C7A62F00793F8B /* Build configuration list for PBXNativeTarget "ImageUploadingUITests" */;
			buildPhases = (
				A193F4CDAF89560C4A04DF94 /* [CP] Check Pods Manifest.lock */,
				D6E967CA21C7A62E00793F8B /* Sources */,
				D6E967CB21C7A62E00793F8B /* Frameworks */,
				D6E967CC21C7A62E00793F8B /* Resources */,
			);
			buildRules = (
			);
			dependencies = (
				D6E967D021C7A62E00793F8B /* PBXTargetDependency */,
			);
			name = ImageUploadingUITests;
			productName = ImageUploadingUITests;
			productReference = D6E967CE21C7A62E00793F8B /* ImageUploadingUITests.xctest */;
			productType = "com.apple.product-type.bundle.ui-testing";
		};
/* End PBXNativeTarget section */

/* Begin PBXProject section */
		D6E967A421C7A62100793F8B /* Project object */ = {
			isa = PBXProject;
			attributes = {
				LastSwiftUpdateCheck = 1010;
				LastUpgradeCheck = 1010;
				ORGANIZATIONNAME = "LetMeCall Corp";
				TargetAttributes = {
					D6E967AB21C7A62100793F8B = {
						CreatedOnToolsVersion = 10.1;
					};
					D6E967C221C7A62E00793F8B = {
						CreatedOnToolsVersion = 10.1;
						TestTargetID = D6E967AB21C7A62100793F8B;
					};
					D6E967CD21C7A62E00793F8B = {
						CreatedOnToolsVersion = 10.1;
						TestTargetID = D6E967AB21C7A62100793F8B;
					};
				};
			};
			buildConfigurationList = D6E967A721C7A62100793F8B /* Build configuration list for PBXProject "ImageUploading" */;
			compatibilityVersion = "Xcode 9.3";
			developmentRegion = en;
			hasScannedForEncodings = 0;
			knownRegions = (
				en,
				Base,
			);
			mainGroup = D6E967A321C7A62100793F8B;
			productRefGroup = D6E967AD21C7A62100793F8B /* Products */;
			projectDirPath = "";
			projectRoot = "";
			targets = (
				D6E967AB21C7A62100793F8B /* ImageUploading */,
				D6E967C221C7A62E00793F8B /* ImageUploadingTests */,
				D6E967CD21C7A62E00793F8B /* ImageUploadingUITests */,
			);
		};
/* End PBXProject section */

/* Begin PBXResourcesBuildPhase section */
		D6E967AA21C7A62100793F8B /* Resources */ = {
			isa = PBXResourcesBuildPhase;
			buildActionMask = 2147483647;
			files = (
				D6E967E121C7C27400793F8B /* Radha.jpg in Resources */,
				D6E967BD21C7A62E00793F8B /* LaunchScreen.storyboard in Resources */,
				D6E967BA21C7A62E00793F8B /* Assets.xcassets in Resources */,
				D6E967B521C7A62100793F8B /* Main.storyboard in Resources */,
			);
			runOnlyForDeploymentPostprocessing = 0;
		};
		D6E967C121C7A62E00793F8B /* Resources */ = {
			isa = PBXResourcesBuildPhase;
			buildActionMask = 2147483647;
			files = (
			);
			runOnlyForDeploymentPostprocessing = 0;
		};
		D6E967CC21C7A62E00793F8B /* Resources */ = {
			isa = PBXResourcesBuildPhase;
			buildActionMask = 2147483647;
			files = (
			);
			runOnlyForDeploymentPostprocessing = 0;
		};
/* End PBXResourcesBuildPhase section */

/* Begin PBXShellScriptBuildPhase section */
		1AF7F2DD72B873F5B9087325 /* [CP] Check Pods Manifest.lock */ = {
			isa = PBXShellScriptBuildPhase;
			buildActionMask = 2147483647;
			files = (
			);
			inputFileListPaths = (
			);
			inputPaths = (
				"${PODS_PODFILE_DIR_PATH}/Podfile.lock",
				"${PODS_ROOT}/Manifest.lock",
			);
			name = "[CP] Check Pods Manifest.lock";
			outputFileListPaths = (
			);
			outputPaths = (
				"$(DERIVED_FILE_DIR)/Pods-ImageUploading-checkManifestLockResult.txt",
			);
			runOnlyForDeploymentPostprocessing = 0;
			shellPath = /bin/sh;
			shellScript = "diff \"${PODS_PODFILE_DIR_PATH}/Podfile.lock\" \"${PODS_ROOT}/Manifest.lock\" > /dev/null\nif [ $? != 0 ] ; then\n    # print error to STDERR\n    echo \"error: The sandbox is not in sync with the Podfile.lock. Run 'pod install' or update your CocoaPods installation.\" >&2\n    exit 1\nfi\n# This output is used by Xcode 'outputs' to avoid re-running this script phase.\necho \"SUCCESS\" > \"${SCRIPT_OUTPUT_FILE_0}\"\n";
			showEnvVarsInLog = 0;
		};
		4B82D5BC72995657B5D6E332 /* [CP] Check Pods Manifest.lock */ = {
			isa = PBXShellScriptBuildPhase;
			buildActionMask = 2147483647;
			files = (
			);
			inputFileListPaths = (
			);
			inputPaths = (
				"${PODS_PODFILE_DIR_PATH}/Podfile.lock",
				"${PODS_ROOT}/Manifest.lock",
			);
			name = "[CP] Check Pods Manifest.lock";
			outputFileListPaths = (
			);
			outputPaths = (
				"$(DERIVED_FILE_DIR)/Pods-ImageUploadingTests-checkManifestLockResult.txt",
			);
			runOnlyForDeploymentPostprocessing = 0;
			shellPath = /bin/sh;
			shellScript = "diff \"${PODS_PODFILE_DIR_PATH}/Podfile.lock\" \"${PODS_ROOT}/Manifest.lock\" > /dev/null\nif [ $? != 0 ] ; then\n    # print error to STDERR\n    echo \"error: The sandbox is not in sync with the Podfile.lock. Run 'pod install' or update your CocoaPods installation.\" >&2\n    exit 1\nfi\n# This output is used by Xcode 'outputs' to avoid re-running this script phase.\necho \"SUCCESS\" > \"${SCRIPT_OUTPUT_FILE_0}\"\n";
			showEnvVarsInLog = 0;
		};
		A193F4CDAF89560C4A04DF94 /* [CP] Check Pods Manifest.lock */ = {
			isa = PBXShellScriptBuildPhase;
			buildActionMask = 2147483647;
			files = (
			);
			inputFileListPaths = (
			);
			inputPaths = (
				"${PODS_PODFILE_DIR_PATH}/Podfile.lock",
				"${PODS_ROOT}/Manifest.lock",
			);
			name = "[CP] Check Pods Manifest.lock";
			outputFileListPaths = (
			);
			outputPaths = (
				"$(DERIVED_FILE_DIR)/Pods-ImageUploadingUITests-checkManifestLockResult.txt",
			);
			runOnlyForDeploymentPostprocessing = 0;
			shellPath = /bin/sh;
			shellScript = "diff \"${PODS_PODFILE_DIR_PATH}/Podfile.lock\" \"${PODS_ROOT}/Manifest.lock\" > /dev/null\nif [ $? != 0 ] ; then\n    # print error to STDERR\n    echo \"error: The sandbox is not in sync with the Podfile.lock. Run 'pod install' or update your CocoaPods installation.\" >&2\n    exit 1\nfi\n# This output is used by Xcode 'outputs' to avoid re-running this script phase.\necho \"SUCCESS\" > \"${SCRIPT_OUTPUT_FILE_0}\"\n";
			showEnvVarsInLog = 0;
		};
		C082C74C823AFC217F5B8E0F /* [CP] Embed Pods Frameworks */ = {
			isa = PBXShellScriptBuildPhase;
			buildActionMask = 2147483647;
			files = (
			);
			inputFileListPaths = (
			);
			inputPaths = (
				"${SRCROOT}/Pods/Target Support Files/Pods-ImageUploading/Pods-ImageUploading-frameworks.sh",
				"${BUILT_PRODUCTS_DIR}/Alamofire/Alamofire.framework",
				"${BUILT_PRODUCTS_DIR}/SwiftyJSON/SwiftyJSON.framework",
			);
			name = "[CP] Embed Pods Frameworks";
			outputFileListPaths = (
			);
			outputPaths = (
				"${TARGET_BUILD_DIR}/${FRAMEWORKS_FOLDER_PATH}/Alamofire.framework",
				"${TARGET_BUILD_DIR}/${FRAMEWORKS_FOLDER_PATH}/SwiftyJSON.framework",
			);
			runOnlyForDeploymentPostprocessing = 0;
			shellPath = /bin/sh;
			shellScript = "\"${SRCROOT}/Pods/Target Support Files/Pods-ImageUploading/Pods-ImageUploading-frameworks.sh\"\n";
			showEnvVarsInLog = 0;
		};
/* End PBXShellScriptBuildPhase section */

/* Begin PBXSourcesBuildPhase section */
		D6E967A821C7A62100793F8B /* Sources */ = {
			isa = PBXSourcesBuildPhase;
			buildActionMask = 2147483647;
			files = (
				D6E967B221C7A62100793F8B /* ViewController.swift in Sources */,
				D6E967B021C7A62100793F8B /* AppDelegate.swift in Sources */,
				D6E967B821C7A62100793F8B /* ImageUploading.xcdatamodeld in Sources */,
			);
			runOnlyForDeploymentPostprocessing = 0;
		};
		D6E967BF21C7A62E00793F8B /* Sources */ = {
			isa = PBXSourcesBuildPhase;
			buildActionMask = 2147483647;
			files = (
				D6E967C821C7A62E00793F8B /* ImageUploadingTests.swift in Sources */,
			);
			runOnlyForDeploymentPostprocessing = 0;
		};
		D6E967CA21C7A62E00793F8B /* Sources */ = {
			isa = PBXSourcesBuildPhase;
			buildActionMask = 2147483647;
			files = (
				D6E967D321C7A62E00793F8B /* ImageUploadingUITests.swift in Sources */,
			);
			runOnlyForDeploymentPostprocessing = 0;
		};
/* End PBXSourcesBuildPhase section */

/* Begin PBXTargetDependency section */
		D6E967C521C7A62E00793F8B /* PBXTargetDependency */ = {
			isa = PBXTargetDependency;
			target = D6E967AB21C7A62100793F8B /* ImageUploading */;
			targetProxy = D6E967C421C7A62E00793F8B /* PBXContainerItemProxy */;
		};
		D6E967D021C7A62E00793F8B /* PBXTargetDependency */ = {
			isa = PBXTargetDependency;
			target = D6E967AB21C7A62100793F8B /* ImageUploading */;
			targetProxy = D6E967CF21C7A62E00793F8B /* PBXContainerItemProxy */;
		};
/* End PBXTargetDependency section */

/* Begin PBXVariantGroup section */
		D6E967B321C7A62100793F8B /* Main.storyboard */ = {
			isa = PBXVariantGroup;
			children = (
				D6E967B421C7A62100793F8B /* Base */,
			);
			name = Main.storyboard;
			sourceTree = "<group>";
		};
		D6E967BB21C7A62E00793F8B /* LaunchScreen.storyboard */ = {
			isa = PBXVariantGroup;
			children = (
				D6E967BC21C7A62E00793F8B /* Base */,
			);
			name = LaunchScreen.storyboard;
			sourceTree = "<group>";
		};
/* End PBXVariantGroup section */

/* Begin XCBuildConfiguration section */
		D6E967D521C7A62E00793F8B /* Debug */ = {
			isa = XCBuildConfiguration;
			buildSettings = {
				ALWAYS_SEARCH_USER_PATHS = NO;
				CLANG_ANALYZER_NONNULL = YES;
				CLANG_ANALYZER_NUMBER_OBJECT_CONVERSION = YES_AGGRESSIVE;
				CLANG_CXX_LANGUAGE_STANDARD = "gnu++14";
				CLANG_CXX_LIBRARY = "libc++";
				CLANG_ENABLE_MODULES = YES;
				CLANG_ENABLE_OBJC_ARC = YES;
				CLANG_ENABLE_OBJC_WEAK = YES;
				CLANG_WARN_BLOCK_CAPTURE_AUTORELEASING = YES;
				CLANG_WARN_BOOL_CONVERSION = YES;
				CLANG_WARN_COMMA = YES;
				CLANG_WARN_CONSTANT_CONVERSION = YES;
				CLANG_WARN_DEPRECATED_OBJC_IMPLEMENTATIONS = YES;
				CLANG_WARN_DIRECT_OBJC_ISA_USAGE = YES_ERROR;
				CLANG_WARN_DOCUMENTATION_COMMENTS = YES;
				CLANG_WARN_EMPTY_BODY = YES;
				CLANG_WARN_ENUM_CONVERSION = YES;
				CLANG_WARN_INFINITE_RECURSION = YES;
				CLANG_WARN_INT_CONVERSION = YES;
				CLANG_WARN_NON_LITERAL_NULL_CONVERSION = YES;
				CLANG_WARN_OBJC_IMPLICIT_RETAIN_SELF = YES;
				CLANG_WARN_OBJC_LITERAL_CONVERSION = YES;
				CLANG_WARN_OBJC_ROOT_CLASS = YES_ERROR;
				CLANG_WARN_RANGE_LOOP_ANALYSIS = YES;
				CLANG_WARN_STRICT_PROTOTYPES = YES;
				CLANG_WARN_SUSPICIOUS_MOVE = YES;
				CLANG_WARN_UNGUARDED_AVAILABILITY = YES_AGGRESSIVE;
				CLANG_WARN_UNREACHABLE_CODE = YES;
				CLANG_WARN__DUPLICATE_METHOD_MATCH = YES;
				CODE_SIGN_IDENTITY = "iPhone Developer";
				COPY_PHASE_STRIP = NO;
				DEBUG_INFORMATION_FORMAT = dwarf;
				ENABLE_STRICT_OBJC_MSGSEND = YES;
				ENABLE_TESTABILITY = YES;
				GCC_C_LANGUAGE_STANDARD = gnu11;
				GCC_DYNAMIC_NO_PIC = NO;
				GCC_NO_COMMON_BLOCKS = YES;
				GCC_OPTIMIZATION_LEVEL = 0;
				GCC_PREPROCESSOR_DEFINITIONS = (
					"DEBUG=1",
					"$(inherited)",
				);
				GCC_WARN_64_TO_32_BIT_CONVERSION = YES;
				GCC_WARN_ABOUT_RETURN_TYPE = YES_ERROR;
				GCC_WARN_UNDECLARED_SELECTOR = YES;
				GCC_WARN_UNINITIALIZED_AUTOS = YES_AGGRESSIVE;
				GCC_WARN_UNUSED_FUNCTION = YES;
				GCC_WARN_UNUSED_VARIABLE = YES;
				IPHONEOS_DEPLOYMENT_TARGET = 12.1;
				MTL_ENABLE_DEBUG_INFO = INCLUDE_SOURCE;
				MTL_FAST_MATH = YES;
				ONLY_ACTIVE_ARCH = YES;
				SDKROOT = iphoneos;
				SWIFT_ACTIVE_COMPILATION_CONDITIONS = DEBUG;
				SWIFT_OPTIMIZATION_LEVEL = "-Onone";
			};
			name = Debug;
		};
		D6E967D621C7A62F00793F8B /* Release */ = {
			isa = XCBuildConfiguration;
			buildSettings = {
				ALWAYS_SEARCH_USER_PATHS = NO;
				CLANG_ANALYZER_NONNULL = YES;
				CLANG_ANALYZER_NUMBER_OBJECT_CONVERSION = YES_AGGRESSIVE;
				CLANG_CXX_LANGUAGE_STANDARD = "gnu++14";
				CLANG_CXX_LIBRARY = "libc++";
				CLANG_ENABLE_MODULES = YES;
				CLANG_ENABLE_OBJC_ARC = YES;
				CLANG_ENABLE_OBJC_WEAK = YES;
				CLANG_WARN_BLOCK_CAPTURE_AUTORELEASING = YES;
				CLANG_WARN_BOOL_CONVERSION = YES;
				CLANG_WARN_COMMA = YES;
				CLANG_WARN_CONSTANT_CONVERSION = YES;
				CLANG_WARN_DEPRECATED_OBJC_IMPLEMENTATIONS = YES;
				CLANG_WARN_DIRECT_OBJC_ISA_USAGE = YES_ERROR;
				CLANG_WARN_DOCUMENTATION_COMMENTS = YES;
				CLANG_WARN_EMPTY_BODY = YES;
				CLANG_WARN_ENUM_CONVERSION = YES;
				CLANG_WARN_INFINITE_RECURSION = YES;
				CLANG_WARN_INT_CONVERSION = YES;
				CLANG_WARN_NON_LITERAL_NULL_CONVERSION = YES;
				CLANG_WARN_OBJC_IMPLICIT_RETAIN_SELF = YES;
				CLANG_WARN_OBJC_LITERAL_CONVERSION = YES;
				CLANG_WARN_OBJC_ROOT_CLASS = YES_ERROR;
				CLANG_WARN_RANGE_LOOP_ANALYSIS = YES;
				CLANG_WARN_STRICT_PROTOTYPES = YES;
				CLANG_WARN_SUSPICIOUS_MOVE = YES;
				CLANG_WARN_UNGUARDED_AVAILABILITY = YES_AGGRESSIVE;
				CLANG_WARN_UNREACHABLE_CODE = YES;
				CLANG_WARN__DUPLICATE_METHOD_MATCH = YES;
				CODE_SIGN_IDENTITY = "iPhone Developer";
				COPY_PHASE_STRIP = NO;
				DEBUG_INFORMATION_FORMAT = "dwarf-with-dsym";
				ENABLE_NS_ASSERTIONS = NO;
				ENABLE_STRICT_OBJC_MSGSEND = YES;
				GCC_C_LANGUAGE_STANDARD = gnu11;
				GCC_NO_COMMON_BLOCKS = YES;
				GCC_WARN_64_TO_32_BIT_CONVERSION = YES;
				GCC_WARN_ABOUT_RETURN_TYPE = YES_ERROR;
				GCC_WARN_UNDECLARED_SELECTOR = YES;
				GCC_WARN_UNINITIALIZED_AUTOS = YES_AGGRESSIVE;
				GCC_WARN_UNUSED_FUNCTION = YES;
				GCC_WARN_UNUSED_VARIABLE = YES;
				IPHONEOS_DEPLOYMENT_TARGET = 12.1;
				MTL_ENABLE_DEBUG_INFO = NO;
				MTL_FAST_MATH = YES;
				SDKROOT = iphoneos;
				SWIFT_COMPILATION_MODE = wholemodule;
				SWIFT_OPTIMIZATION_LEVEL = "-O";
				VALIDATE_PRODUCT = YES;
			};
			name = Release;
		};
		D6E967D821C7A62F00793F8B /* Debug */ = {
			isa = XCBuildConfiguration;
			baseConfigurationReference = D96D0D329DB5B76F40C761E0 /* Pods-ImageUploading.debug.xcconfig */;
			buildSettings = {
				ASSETCATALOG_COMPILER_APPICON_NAME = AppIcon;
				CODE_SIGN_STYLE = Automatic;
				INFOPLIST_FILE = ImageUploading/Info.plist;
				LD_RUNPATH_SEARCH_PATHS = (
					"$(inherited)",
					"@executable_path/Frameworks",
				);
				PRODUCT_BUNDLE_IDENTIFIER = LetMeCall.ImageUploading;
				PRODUCT_NAME = "$(TARGET_NAME)";
				SWIFT_VERSION = 4.2;
				TARGETED_DEVICE_FAMILY = "1,2";
			};
			name = Debug;
		};
		D6E967D921C7A62F00793F8B /* Release */ = {
			isa = XCBuildConfiguration;
			baseConfigurationReference = 1470B010C209CDC66F235EB2 /* Pods-ImageUploading.release.xcconfig */;
			buildSettings = {
				ASSETCATALOG_COMPILER_APPICON_NAME = AppIcon;
				CODE_SIGN_STYLE = Automatic;
				INFOPLIST_FILE = ImageUploading/Info.plist;
				LD_RUNPATH_SEARCH_PATHS = (
					"$(inherited)",
					"@executable_path/Frameworks",
				);
				PRODUCT_BUNDLE_IDENTIFIER = LetMeCall.ImageUploading;
				PRODUCT_NAME = "$(TARGET_NAME)";
				SWIFT_VERSION = 4.2;
				TARGETED_DEVICE_FAMILY = "1,2";
			};
			name = Release;
		};
		D6E967DB21C7A62F00793F8B /* Debug */ = {
			isa = XCBuildConfiguration;
			baseConfigurationReference = B355089508B50C5B88ED82C7 /* Pods-ImageUploadingTests.debug.xcconfig */;
			buildSettings = {
				ALWAYS_EMBED_SWIFT_STANDARD_LIBRARIES = YES;
				BUNDLE_LOADER = "$(TEST_HOST)";
				CODE_SIGN_STYLE = Automatic;
				INFOPLIST_FILE = ImageUploadingTests/Info.plist;
				LD_RUNPATH_SEARCH_PATHS = (
					"$(inherited)",
					"@executable_path/Frameworks",
					"@loader_path/Frameworks",
				);
				PRODUCT_BUNDLE_IDENTIFIER = LetMeCall.ImageUploadingTests;
				PRODUCT_NAME = "$(TARGET_NAME)";
				SWIFT_VERSION = 4.2;
				TARGETED_DEVICE_FAMILY = "1,2";
				TEST_HOST = "$(BUILT_PRODUCTS_DIR)/ImageUploading.app/ImageUploading";
			};
			name = Debug;
		};
		D6E967DC21C7A62F00793F8B /* Release */ = {
			isa = XCBuildConfiguration;
			baseConfigurationReference = 403EEBF1B2ADC2737A82720B /* Pods-ImageUploadingTests.release.xcconfig */;
			buildSettings = {
				ALWAYS_EMBED_SWIFT_STANDARD_LIBRARIES = YES;
				BUNDLE_LOADER = "$(TEST_HOST)";
				CODE_SIGN_STYLE = Automatic;
				INFOPLIST_FILE = ImageUploadingTests/Info.plist;
				LD_RUNPATH_SEARCH_PATHS = (
					"$(inherited)",
					"@executable_path/Frameworks",
					"@loader_path/Frameworks",
				);
				PRODUCT_BUNDLE_IDENTIFIER = LetMeCall.ImageUploadingTests;
				PRODUCT_NAME = "$(TARGET_NAME)";
				SWIFT_VERSION = 4.2;
				TARGETED_DEVICE_FAMILY = "1,2";
				TEST_HOST = "$(BUILT_PRODUCTS_DIR)/ImageUploading.app/ImageUploading";
			};
			name = Release;
		};
		D6E967DE21C7A62F00793F8B /* Debug */ = {
			isa = XCBuildConfiguration;
			baseConfigurationReference = 4799A1278934461D18B5E15A /* Pods-ImageUploadingUITests.debug.xcconfig */;
			buildSettings = {
				ALWAYS_EMBED_SWIFT_STANDARD_LIBRARIES = YES;
				CODE_SIGN_STYLE = Automatic;
				INFOPLIST_FILE = ImageUploadingUITests/Info.plist;
				LD_RUNPATH_SEARCH_PATHS = (
					"$(inherited)",
					"@executable_path/Frameworks",
					"@loader_path/Frameworks",
				);
				PRODUCT_BUNDLE_IDENTIFIER = LetMeCall.ImageUploadingUITests;
				PRODUCT_NAME = "$(TARGET_NAME)";
				SWIFT_VERSION = 4.2;
				TARGETED_DEVICE_FAMILY = "1,2";
				TEST_TARGET_NAME = ImageUploading;
			};
			name = Debug;
		};
		D6E967DF21C7A62F00793F8B /* Release */ = {
			isa = XCBuildConfiguration;
			baseConfigurationReference = AF0DE0A31F7C391B5D037EC2 /* Pods-ImageUploadingUITests.release.xcconfig */;
			buildSettings = {
				ALWAYS_EMBED_SWIFT_STANDARD_LIBRARIES = YES;
				CODE_SIGN_STYLE = Automatic;
				INFOPLIST_FILE = ImageUploadingUITests/Info.plist;
				LD_RUNPATH_SEARCH_PATHS = (
					"$(inherited)",
					"@executable_path/Frameworks",
					"@loader_path/Frameworks",
				);
				PRODUCT_BUNDLE_IDENTIFIER = LetMeCall.ImageUploadingUITests;
				PRODUCT_NAME = "$(TARGET_NAME)";
				SWIFT_VERSION = 4.2;
				TARGETED_DEVICE_FAMILY = "1,2";
				TEST_TARGET_NAME = ImageUploading;
			};
			name = Release;
		};
/* End XCBuildConfiguration section */

/* Begin XCConfigurationList section */
		D6E967A721C7A62100793F8B /* Build configuration list for PBXProject "ImageUploading" */ = {
			isa = XCConfigurationList;
			buildConfigurations = (
				D6E967D521C7A62E00793F8B /* Debug */,
				D6E967D621C7A62F00793F8B /* Release */,
			);
			defaultConfigurationIsVisible = 0;
			defaultConfigurationName = Release;
		};
		D6E967D721C7A62F00793F8B /* Build configuration list for PBXNativeTarget "ImageUploading" */ = {
			isa = XCConfigurationList;
			buildConfigurations = (
				D6E967D821C7A62F00793F8B /* Debug */,
				D6E967D921C7A62F00793F8B /* Release */,
			);
			defaultConfigurationIsVisible = 0;
			defaultConfigurationName = Release;
		};
		D6E967DA21C7A62F00793F8B /* Build configuration list for PBXNativeTarget "ImageUploadingTests" */ = {
			isa = XCConfigurationList;
			buildConfigurations = (
				D6E967DB21C7A62F00793F8B /* Debug */,
				D6E967DC21C7A62F00793F8B /* Release */,
			);
			defaultConfigurationIsVisible = 0;
			defaultConfigurationName = Release;
		};
		D6E967DD21C7A62F00793F8B /* Build configuration list for PBXNativeTarget "ImageUploadingUITests" */ = {
			isa = XCConfigurationList;
			buildConfigurations = (
				D6E967DE21C7A62F00793F8B /* Debug */,
				D6E967DF21C7A62F00793F8B /* Release */,
			);
			defaultConfigurationIsVisible = 0;
			defaultConfigurationName = Release;
		};
/* End XCConfigurationList section */

/* Begin XCVersionGroup section */
		D6E967B621C7A62100793F8B /* ImageUploading.xcdatamodeld */ = {
			isa = XCVersionGroup;
			children = (
				D6E967B721C7A62100793F8B /* ImageUploading.xcdatamodel */,
			);
			currentVersion = D6E967B721C7A62100793F8B /* ImageUploading.xcdatamodel */;
			path = ImageUploading.xcdatamodeld;
			sourceTree = "<group>";
			versionGroupType = wrapper.xcdatamodel;
		};
/* End XCVersionGroup section */
	};
	rootObject = D6E967A421C7A62100793F8B /* Project object */;
}
